
Microsoft Visual Studio Solution File, Format Version 12.00
# Visual Studio Version 17
VisualStudioVersion = 17.14.36414.22
MinimumVisualStudioVersion = 10.0.40219.1
Project("{FAE04EC0-301F-11D3-BF4B-00C04F79EFBC}") = "CAD", "CAD\CAD.csproj", "{242163C4-86BF-4B77-B9A2-EBF5A3653C18}"
EndProject
Project("{FAE04EC0-301F-11D3-BF4B-00C04F79EFBC}") = "BL", "BL\BL.csproj", "{44DEB961-341C-432B-A08F-F260FABE61DC}"
EndProject
Project("{FAE04EC0-301F-11D3-BF4B-00C04F79EFBC}") = "CE", "CE\CE.csproj", "{7D6B1665-FECC-4EC5-BA60-90F65FD55AF7}"
EndProject
Project("{FAE04EC0-301F-11D3-BF4B-00C04F79EFBC}") = "GUI", "GUI\GUI.csproj", "{C9904363-AD90-48AD-88D8-5497CC30F483}"
EndProject
Project("{FAE04EC0-301F-11D3-BF4B-00C04F79EFBC}") = "Tests", "Tests\Tests.csproj", "{8EDF4429-251A-416D-BB68-93F227191BCF}"
EndProject
Global
	GlobalSection(SolutionConfigurationPlatforms) = preSolution
		Debug|Any CPU = Debug|Any CPU
		Release|Any CPU = Release|Any CPU
	EndGlobalSection
	GlobalSection(ProjectConfigurationPlatforms) = postSolution
		{242163C4-86BF-4B77-B9A2-EBF5A3653C18}.Debug|Any CPU.ActiveCfg = Debug|Any CPU
		{242163C4-86BF-4B77-B9A2-EBF5A3653C18}.Debug|Any CPU.Build.0 = Debug|Any CPU
		{242163C4-86BF-4B77-B9A2-EBF5A3653C18}.Release|Any CPU.ActiveCfg = Release|Any CPU
		{242163C4-86BF-4B77-B9A2-EBF5A3653C18}.Release|Any CPU.Build.0 = Release|Any CPU
		{44DEB961-341C-432B-A08F-F260FABE61DC}.Debug|Any CPU.ActiveCfg = Debug|Any CPU
		{44DEB961-341C-432B-A08F-F260FABE61DC}.Debug|Any CPU.Build.0 = Debug|Any CPU
		{44DEB961-341C-432B-A08F-F260FABE61DC}.Release|Any CPU.ActiveCfg = Release|Any CPU
		{44DEB961-341C-432B-A08F-F260FABE61DC}.Release|Any CPU.Build.0 = Release|Any CPU
		{7D6B1665-FECC-4EC5-BA60-90F65FD55AF7}.Debug|Any CPU.ActiveCfg = Debug|Any CPU
		{7D6B1665-FECC-4EC5-BA60-90F65FD55AF7}.Debug|Any CPU.Build.0 = Debug|Any CPU
		{7D6B1665-FECC-4EC5-BA60-90F65FD55AF7}.Release|Any CPU.ActiveCfg = Release|Any CPU
		{7D6B1665-FECC-4EC5-BA60-90F65FD55AF7}.Release|Any CPU.Build.0 = Release|Any CPU
		{C9904363-AD90-48AD-88D8-5497CC30F483}.Debug|Any CPU.ActiveCfg = Debug|Any CPU
		{C9904363-AD90-48AD-88D8-5497CC30F483}.Debug|Any CPU.Build.0 = Debug|Any CPU
		{C9904363-AD90-48AD-88D8-5497CC30F483}.Release|Any CPU.ActiveCfg = Release|Any CPU
		{C9904363-AD90-48AD-88D8-5497CC30F483}.Release|Any CPU.Build.0 = Release|Any CPU
		{8EDF4429-251A-416D-BB68-93F227191BCF}.Debug|Any CPU.ActiveCfg = Debug|Any CPU
		{8EDF4429-251A-416D-BB68-93F227191BCF}.Debug|Any CPU.Build.0 = Debug|Any CPU
		{8EDF4429-251A-416D-BB68-93F227191BCF}.Release|Any CPU.ActiveCfg = Release|Any CPU
		{8EDF4429-251A-416D-BB68-93F227191BCF}.Release|Any CPU.Build.0 = Release|Any CPU
	EndGlobalSection
	GlobalSection(SolutionProperties) = preSolution
		HideSolutionNode = FALSE
	EndGlobalSection
	GlobalSection(ExtensibilityGlobals) = postSolution
		SolutionGuid = {AB4E5CDE-EA20-4EE0-A869-9CA653C39971}
	EndGlobalSection
EndGlobal
