
Microsoft Visual Studio Solution File, Format Version 12.00
# Visual Studio 15
VisualStudioVersion = 15.0.26403.7
MinimumVisualStudioVersion = 10.0.40219.1
Project("{FAE04EC0-301F-11D3-BF4B-00C04F79EFBC}") = "CAD", "CAD\CAD.csproj", "{242163C4-86BF-4B77-B9A2-EBF5A3653C18}"
EndProject
Project("{FAE04EC0-301F-11D3-BF4B-00C04F79EFBC}") = "BL", "BL\BL.csproj", "{44DEB961-341C-432B-A08F-F260FABE61DC}"
EndProject
Project("{FAE04EC0-301F-11D3-BF4B-00C04F79EFBC}") = "CE", "CE\CE.csproj", "{7D6B1665-FECC-4EC5-BA60-90F65FD55AF7}"
EndProject
Project("{FAE04EC0-301F-11D3-BF4B-00C04F79EFBC}") = "GUI", "GUI\GUI.csproj", "{C9904363-AD90-48AD-88D8-5497CC30F483}"
EndProject
Global
	GlobalSection(SolutionConfigurationPlatforms) = preSolution
		Debug|Any CPU = Debug|Any CPU
		Release|Any CPU = Release|Any CPU
	EndGlobalSection
	GlobalSection(ProjectConfigurationPlatforms) = postSolution
		{242163C4-86BF-4B77-B9A2-EBF5A3653C18}.Debug|Any CPU.ActiveCfg = Debug|Any CPU
		{242163C4-86BF-4B77-B9A2-EBF5A3653C18}.Debug|Any CPU.Build.0 = Debug|Any CPU
		{242163C4-86BF-4B77-B9A2-EBF5A3653C18}.Release|Any CPU.ActiveCfg = Release|Any CPU
		{242163C4-86BF-4B77-B9A2-EBF5A3653C18}.Release|Any CPU.Build.0 = Release|Any CPU
		{44DEB961-341C-432B-A08F-F260FABE61DC}.Debug|Any CPU.ActiveCfg = Debug|Any CPU
		{44DEB961-341C-432B-A08F-F260FABE61DC}.Debug|Any CPU.Build.0 = Debug|Any CPU
		{44DEB961-341C-432B-A08F-F260FABE61DC}.Release|Any CPU.ActiveCfg = Release|Any CPU
		{44DEB961-341C-432B-A08F-F260FABE61DC}.Release|Any CPU.Build.0 = Release|Any CPU
		{7D6B1665-FECC-4EC5-BA60-90F65FD55AF7}.Debug|Any CPU.ActiveCfg = Debug|Any CPU
		{7D6B1665-FECC-4EC5-BA60-90F65FD55AF7}.Debug|Any CPU.Build.0 = Debug|Any CPU
		{7D6B1665-FECC-4EC5-BA60-90F65FD55AF7}.Release|Any CPU.ActiveCfg = Release|Any CPU
		{7D6B1665-FECC-4EC5-BA60-90F65FD55AF7}.Release|Any CPU.Build.0 = Release|Any CPU
		{C9904363-AD90-48AD-88D8-5497CC30F483}.Debug|Any CPU.ActiveCfg = Debug|Any CPU
		{C9904363-AD90-48AD-88D8-5497CC30F483}.Debug|Any CPU.Build.0 = Debug|Any CPU
		{C9904363-AD90-48AD-88D8-5497CC30F483}.Release|Any CPU.ActiveCfg = Release|Any CPU
		{C9904363-AD90-48AD-88D8-5497CC30F483}.Release|Any CPU.Build.0 = Release|Any CPU
	EndGlobalSection
	GlobalSection(SolutionProperties) = preSolution
		HideSolutionNode = FALSE
	EndGlobalSection
EndGlobal
